{
  "name": "lyric-timer-examples",
  "lockfileVersion": 3,
  "requires": true,
  "packages": {
    "": {
      "name": "lyric-timer-examples",
      "dependencies": {
        "@junjie-wu/lyric-timer-cli": "file:../"
      }
    },
    "..": {
      "name": "@junjie-wu/lyric-timer-cli",
      "version": "1.2.2",
      "license": "MIT",
      "dependencies": {
        "@clack/prompts": "^0.8.2",
        "chalk": "^5.3.0"
      },
      "bin": {
        "lyric-timer": "dist/src/bin/lyric-timer.js"
      },
      "devDependencies": {
        "@commitlint/cli": "^19.6.0",
        "@commitlint/config-conventional": "^19.6.0",
        "@eslint/js": "^8.56.0",
        "@semantic-release/changelog": "^6.0.3",
        "@semantic-release/git": "^10.0.1",
        "@types/gradient-string": "^1.1.6",
        "@types/node": "^22.9.3",
        "@types/yargs": "^17.0.32",
        "@typescript-eslint/eslint-plugin": "^8.10.0",
        "@vercel/ncc": "^0.38.3",
        "@vitest/coverage-v8": "^2.1.6",
        "eslint": "^9.10.0",
        "eslint-plugin-import": "^2.30.0",
        "globals": "^14.0.0",
        "husky": "^9.1.7",
        "jsonc-eslint-parser": "^2.4.0",
        "lint-staged": "^15.2.10",
        "semantic-release": "^24.2.0",
        "tsx": "^4.19.2",
        "typescript": "^5.7.2",
        "vitest": "^2.1.6"
      }
    },
    "node_modules/@junjie-wu/lyric-timer-cli": {
      "resolved": "..",
      "link": true
    }
  }
}
